{
  "name": "face_client",
  "version": "1.0.0",
  "lockfileVersion": 1,
  "requires": true,
  "dependencies": {
    "axios": {
      "version": "0.21.1",
      "resolved": "https://registry.npmjs.org/axios/-/axios-0.21.1.tgz",
      "integrity": "sha512-dKQiRHxGD9PPRIUNIWvZhPTPpl1rf/OxTYKsqKUDjBwYylTvV7SjSHJb9ratfyzM6wCdLCOYLzs73qpg5c4iGA==",
      "requires": {
        "follow-redirects": "^1.10.0"
      }
    },
    "bootstrap": {
      "version": "4.4.1",
      "resolved": "https://registry.npmjs.org/bootstrap/-/bootstrap-4.4.1.tgz",
      "integrity": "sha512-tbx5cHubwE6e2ZG7nqM3g/FZ5PQEDMWmMGNrCUBVRPHXTJaH7CBDdsLeu3eCh3B1tzAxTnAbtmrzvWEvT2NNEA=="
    },
    "date-fns": {
      "version": "2.9.0",
      "resolved": "https://registry.npmjs.org/date-fns/-/date-fns-2.9.0.tgz",
      "integrity": "sha512-khbFLu/MlzLjEzy9Gh8oY1hNt/Dvxw3J6Rbc28cVoYWQaC1S3YI4xwkF9ZWcjDLscbZlY9hISMr66RFzZagLsA=="
    },
    "diacriticless": {
      "version": "1.0.1",
      "resolved": "https://registry.npmjs.org/diacriticless/-/diacriticless-1.0.1.tgz",
      "integrity": "sha1-592peMKRlgm7SK7h78XeajN71MM="
    },
    "follow-redirects": {
      "version": "1.13.1",
      "resolved": "https://registry.npmjs.org/follow-redirects/-/follow-redirects-1.13.1.tgz",
      "integrity": "sha512-SSG5xmZh1mkPGyKzjZP8zLjltIfpW32Y5QpdNJyjcfGxK3qo3NDDkZOZSFiGn1A6SclQxY9GzEwAHQ3dmYRWpg=="
    },
    "jsqr": {
      "version": "1.2.0",
      "resolved": "https://registry.npmjs.org/jsqr/-/jsqr-1.2.0.tgz",
      "integrity": "sha512-wKcQS9QC2VHGk7aphWCp1RrFyC0CM6fMgC5prZZ2KV/Lk6OKNoCod9IR6bao+yx3KPY0gZFC5dc+h+KFzCI0Wg=="
    },
    "lodash.assign": {
      "version": "4.2.0",
      "resolved": "https://registry.npmjs.org/lodash.assign/-/lodash.assign-4.2.0.tgz",
      "integrity": "sha1-DZnzzNem0mHRm9rrkkUAXShYCOc="
    },
    "lodash.clonedeep": {
      "version": "4.5.0",
      "resolved": "https://registry.npmjs.org/lodash.clonedeep/-/lodash.clonedeep-4.5.0.tgz",
      "integrity": "sha1-4j8/nE+Pvd6HJSnBBxhXoIblzO8="
    },
    "lodash.filter": {
      "version": "4.6.0",
      "resolved": "https://registry.npmjs.org/lodash.filter/-/lodash.filter-4.6.0.tgz",
      "integrity": "sha1-ZosdSYFgOuHMWm+nYBQ+SAtMSs4="
    },
    "lodash.foreach": {
      "version": "4.5.0",
      "resolved": "https://registry.npmjs.org/lodash.foreach/-/lodash.foreach-4.5.0.tgz",
      "integrity": "sha1-Gmo16s5AEoDH8G3d7DUWWrJ+PlM="
    },
    "lodash.isequal": {
      "version": "4.5.0",
      "resolved": "https://registry.npmjs.org/lodash.isequal/-/lodash.isequal-4.5.0.tgz",
      "integrity": "sha1-QVxEePK8wwEgwizhDtMib30+GOA="
    },
    "sweetalert2": {
      "version": "9.5.4",
      "resolved": "https://registry.npmjs.org/sweetalert2/-/sweetalert2-9.5.4.tgz",
      "integrity": "sha512-9FSmW9mCbRTHyx6Nbtgeb5348pJYNGaBafn3reKe/Zx/gOBgxsRVHj3GQ4VusU/tuqDobKAIHUdUvNdsU3MXPQ==",
      "dev": true
    },
    "vue-good-table": {
      "version": "2.19.0",
      "resolved": "https://registry.npmjs.org/vue-good-table/-/vue-good-table-2.19.0.tgz",
      "integrity": "sha512-ua8WNV+b9XuFXqDA0wFMp43bMjkRIQ93P24V64MgQKp7GcYg2xp7S/gej7BYYLZiSZpH9lkDMq7w4IuVg1p7Pg==",
      "requires": {
        "date-fns": "^2.0.0-beta.4",
        "diacriticless": "1.0.1",
        "lodash.assign": "^4.2.0",
        "lodash.clonedeep": "^4.5.0",
        "lodash.filter": "^4.6.0",
        "lodash.foreach": "^4.5.0",
        "lodash.isequal": "^4.5.0",
        "vue-select": "^3.1.0"
      }
    },
    "vue-select": {
      "version": "3.4.0",
      "resolved": "https://registry.npmjs.org/vue-select/-/vue-select-3.4.0.tgz",
      "integrity": "sha512-UHd0fiUjPgRmHIGhI6yUKtnJsHOdvzD00QUGUtD+FaxWWZRWF2AAb7KPZRj0j/egVfZQvey6M6woHn78GbTogA=="
    }
  }
}
